// !$*UTF8*$!
{
	archiveVersion = 1;
	classes = {
	};
	objectVersion = 51;
	objects = {

/* Begin PBXBuildFile section */
		1152C178B52789EE0C193BC7 /* Pods_Pokedex.framework in Frameworks */ = {isa = PBXBuildFile; fileRef = 8AA596B0D066CE914B10E6BC /* Pods_Pokedex.framework */; };
		356B66A0AAE038CADC268BC5 /* Pods_Pokedex_PokedexUITests.framework in Frameworks */ = {isa = PBXBuildFile; fileRef = 6058B96D0D4D9CD7D610599F /* Pods_Pokedex_PokedexUITests.framework */; };
		71853879E17A24CC80F37F7D /* Pods_PokedexTests.framework in Frameworks */ = {isa = PBXBuildFile; fileRef = 21D435CDE7460A88ED3049D2 /* Pods_PokedexTests.framework */; };
		BB7BF0EB286748CE002495F1 /* PokedexModel.swift in Sources */ = {isa = PBXBuildFile; fileRef = BB7BF0EA286748CE002495F1 /* PokedexModel.swift */; };
		BB7BF0ED286749A4002495F1 /* PokemonModel.swift in Sources */ = {isa = PBXBuildFile; fileRef = BB7BF0EC286749A4002495F1 /* PokemonModel.swift */; };
		BB7BF0EF28674C7C002495F1 /* ServerErrorModel.swift in Sources */ = {isa = PBXBuildFile; fileRef = BB7BF0EE28674C7C002495F1 /* ServerErrorModel.swift */; };
		BB7BF0F228674D00002495F1 /* ParsePokedex.swift in Sources */ = {isa = PBXBuildFile; fileRef = BB7BF0F128674D00002495F1 /* ParsePokedex.swift */; };
		BB7BF0F428675293002495F1 /* PokedexResponse.swift in Sources */ = {isa = PBXBuildFile; fileRef = BB7BF0F328675293002495F1 /* PokedexResponse.swift */; };
		BB7BF0F6286753C7002495F1 /* PokedexRequest.swift in Sources */ = {isa = PBXBuildFile; fileRef = BB7BF0F5286753C7002495F1 /* PokedexRequest.swift */; };
		BB7BF0F828685F02002495F1 /* PokedexViewController.swift in Sources */ = {isa = PBXBuildFile; fileRef = BB7BF0F728685F02002495F1 /* PokedexViewController.swift */; };
		BB7BF0FA286861C3002495F1 /* PokemonCollectionViewCell.swift in Sources */ = {isa = PBXBuildFile; fileRef = BB7BF0F9286861C3002495F1 /* PokemonCollectionViewCell.swift */; };
		BBC7AD92286744AA009A8F17 /* AppDelegate.swift in Sources */ = {isa = PBXBuildFile; fileRef = BBC7AD91286744AA009A8F17 /* AppDelegate.swift */; };
		BBC7AD97286744AA009A8F17 /* Main.storyboard in Resources */ = {isa = PBXBuildFile; fileRef = BBC7AD95286744AA009A8F17 /* Main.storyboard */; };
		BBC7AD9A286744AA009A8F17 /* Pokedex.xcdatamodeld in Sources */ = {isa = PBXBuildFile; fileRef = BBC7AD98286744AA009A8F17 /* Pokedex.xcdatamodeld */; };
		BBC7AD9C286744AC009A8F17 /* Assets.xcassets in Resources */ = {isa = PBXBuildFile; fileRef = BBC7AD9B286744AC009A8F17 /* Assets.xcassets */; };
		BBC7AD9F286744AC009A8F17 /* LaunchScreen.storyboard in Resources */ = {isa = PBXBuildFile; fileRef = BBC7AD9D286744AC009A8F17 /* LaunchScreen.storyboard */; };
		BBC7ADAA286744AC009A8F17 /* PokedexTests.swift in Sources */ = {isa = PBXBuildFile; fileRef = BBC7ADA9286744AC009A8F17 /* PokedexTests.swift */; };
		BBC7ADB5286744AC009A8F17 /* PokedexUITests.swift in Sources */ = {isa = PBXBuildFile; fileRef = BBC7ADB4286744AC009A8F17 /* PokedexUITests.swift */; };
		BBC9AC7A2870C42E00A305DD /* PokemonDetailViewController.swift in Sources */ = {isa = PBXBuildFile; fileRef = BBC9AC792870C42E00A305DD /* PokemonDetailViewController.swift */; };
/* End PBXBuildFile section */

/* Begin PBXContainerItemProxy section */
		BBC7ADA6286744AC009A8F17 /* PBXContainerItemProxy */ = {
			isa = PBXContainerItemProxy;
			containerPortal = BBC7AD86286744AA009A8F17 /* Project object */;
			proxyType = 1;
			remoteGlobalIDString = BBC7AD8D286744AA009A8F17;
			remoteInfo = Pokedex;
		};
		BBC7ADB1286744AC009A8F17 /* PBXContainerItemProxy */ = {
			isa = PBXContainerItemProxy;
			containerPortal = BBC7AD86286744AA009A8F17 /* Project object */;
			proxyType = 1;
			remoteGlobalIDString = BBC7AD8D286744AA009A8F17;
			remoteInfo = Pokedex;
		};
/* End PBXContainerItemProxy section */

/* Begin PBXFileReference section */
		0B6C132FB5863896DF0A17FA /* Pods-Pokedex-PokedexUITests.debug.xcconfig */ = {isa = PBXFileReference; includeInIndex = 1; lastKnownFileType = text.xcconfig; name = "Pods-Pokedex-PokedexUITests.debug.xcconfig"; path = "Target Support Files/Pods-Pokedex-PokedexUITests/Pods-Pokedex-PokedexUITests.debug.xcconfig"; sourceTree = "<group>"; };
		21D435CDE7460A88ED3049D2 /* Pods_PokedexTests.framework */ = {isa = PBXFileReference; explicitFileType = wrapper.framework; includeInIndex = 0; path = Pods_PokedexTests.framework; sourceTree = BUILT_PRODUCTS_DIR; };
		401C635DAE69E129FB750255 /* Pods-Pokedex.debug.xcconfig */ = {isa = PBXFileReference; includeInIndex = 1; lastKnownFileType = text.xcconfig; name = "Pods-Pokedex.debug.xcconfig"; path = "Target Support Files/Pods-Pokedex/Pods-Pokedex.debug.xcconfig"; sourceTree = "<group>"; };
		4472ABBC9501FF18EA192B96 /* Pods-PokedexTests.release.xcconfig */ = {isa = PBXFileReference; includeInIndex = 1; lastKnownFileType = text.xcconfig; name = "Pods-PokedexTests.release.xcconfig"; path = "Target Support Files/Pods-PokedexTests/Pods-PokedexTests.release.xcconfig"; sourceTree = "<group>"; };
		6058B96D0D4D9CD7D610599F /* Pods_Pokedex_PokedexUITests.framework */ = {isa = PBXFileReference; explicitFileType = wrapper.framework; includeInIndex = 0; path = Pods_Pokedex_PokedexUITests.framework; sourceTree = BUILT_PRODUCTS_DIR; };
		8651A4130F773E8ADEFDC699 /* Pods-Pokedex-PokedexUITests.release.xcconfig */ = {isa = PBXFileReference; includeInIndex = 1; lastKnownFileType = text.xcconfig; name = "Pods-Pokedex-PokedexUITests.release.xcconfig"; path = "Target Support Files/Pods-Pokedex-PokedexUITests/Pods-Pokedex-PokedexUITests.release.xcconfig"; sourceTree = "<group>"; };
		8AA596B0D066CE914B10E6BC /* Pods_Pokedex.framework */ = {isa = PBXFileReference; explicitFileType = wrapper.framework; includeInIndex = 0; path = Pods_Pokedex.framework; sourceTree = BUILT_PRODUCTS_DIR; };
		BB7BF0EA286748CE002495F1 /* PokedexModel.swift */ = {isa = PBXFileReference; lastKnownFileType = sourcecode.swift; path = PokedexModel.swift; sourceTree = "<group>"; };
		BB7BF0EC286749A4002495F1 /* PokemonModel.swift */ = {isa = PBXFileReference; lastKnownFileType = sourcecode.swift; path = PokemonModel.swift; sourceTree = "<group>"; };
		BB7BF0EE28674C7C002495F1 /* ServerErrorModel.swift */ = {isa = PBXFileReference; lastKnownFileType = sourcecode.swift; path = ServerErrorModel.swift; sourceTree = "<group>"; };
		BB7BF0F128674D00002495F1 /* ParsePokedex.swift */ = {isa = PBXFileReference; lastKnownFileType = sourcecode.swift; path = ParsePokedex.swift; sourceTree = "<group>"; };
		BB7BF0F328675293002495F1 /* PokedexResponse.swift */ = {isa = PBXFileReference; lastKnownFileType = sourcecode.swift; path = PokedexResponse.swift; sourceTree = "<group>"; };
		BB7BF0F5286753C7002495F1 /* PokedexRequest.swift */ = {isa = PBXFileReference; lastKnownFileType = sourcecode.swift; path = PokedexRequest.swift; sourceTree = "<group>"; };
		BB7BF0F728685F02002495F1 /* PokedexViewController.swift */ = {isa = PBXFileReference; lastKnownFileType = sourcecode.swift; path = PokedexViewController.swift; sourceTree = "<group>"; };
		BB7BF0F9286861C3002495F1 /* PokemonCollectionViewCell.swift */ = {isa = PBXFileReference; lastKnownFileType = sourcecode.swift; path = PokemonCollectionViewCell.swift; sourceTree = "<group>"; };
		BBC7AD8E286744AA009A8F17 /* Pokedex.app */ = {isa = PBXFileReference; explicitFileType = wrapper.application; includeInIndex = 0; path = Pokedex.app; sourceTree = BUILT_PRODUCTS_DIR; };
		BBC7AD91286744AA009A8F17 /* AppDelegate.swift */ = {isa = PBXFileReference; lastKnownFileType = sourcecode.swift; path = AppDelegate.swift; sourceTree = "<group>"; };
		BBC7AD96286744AA009A8F17 /* Base */ = {isa = PBXFileReference; lastKnownFileType = file.storyboard; name = Base; path = Base.lproj/Main.storyboard; sourceTree = "<group>"; };
		BBC7AD99286744AA009A8F17 /* Pokedex.xcdatamodel */ = {isa = PBXFileReference; lastKnownFileType = wrapper.xcdatamodel; path = Pokedex.xcdatamodel; sourceTree = "<group>"; };
		BBC7AD9B286744AC009A8F17 /* Assets.xcassets */ = {isa = PBXFileReference; lastKnownFileType = folder.assetcatalog; path = Assets.xcassets; sourceTree = "<group>"; };
		BBC7AD9E286744AC009A8F17 /* Base */ = {isa = PBXFileReference; lastKnownFileType = file.storyboard; name = Base; path = Base.lproj/LaunchScreen.storyboard; sourceTree = "<group>"; };
		BBC7ADA0286744AC009A8F17 /* Info.plist */ = {isa = PBXFileReference; lastKnownFileType = text.plist.xml; path = Info.plist; sourceTree = "<group>"; };
		BBC7ADA5286744AC009A8F17 /* PokedexTests.xctest */ = {isa = PBXFileReference; explicitFileType = wrapper.cfbundle; includeInIndex = 0; path = PokedexTests.xctest; sourceTree = BUILT_PRODUCTS_DIR; };
		BBC7ADA9286744AC009A8F17 /* PokedexTests.swift */ = {isa = PBXFileReference; lastKnownFileType = sourcecode.swift; path = PokedexTests.swift; sourceTree = "<group>"; };
		BBC7ADAB286744AC009A8F17 /* Info.plist */ = {isa = PBXFileReference; lastKnownFileType = text.plist.xml; path = Info.plist; sourceTree = "<group>"; };
		BBC7ADB0286744AC009A8F17 /* PokedexUITests.xctest */ = {isa = PBXFileReference; explicitFileType = wrapper.cfbundle; includeInIndex = 0; path = PokedexUITests.xctest; sourceTree = BUILT_PRODUCTS_DIR; };
		BBC7ADB4286744AC009A8F17 /* PokedexUITests.swift */ = {isa = PBXFileReference; lastKnownFileType = sourcecode.swift; path = PokedexUITests.swift; sourceTree = "<group>"; };
		BBC7ADB6286744AC009A8F17 /* Info.plist */ = {isa = PBXFileReference; lastKnownFileType = text.plist.xml; path = Info.plist; sourceTree = "<group>"; };
		BBC9AC792870C42E00A305DD /* PokemonDetailViewController.swift */ = {isa = PBXFileReference; lastKnownFileType = sourcecode.swift; path = PokemonDetailViewController.swift; sourceTree = "<group>"; };
		D3DE36D330CA3E0ADAF9464B /* Pods-Pokedex.release.xcconfig */ = {isa = PBXFileReference; includeInIndex = 1; lastKnownFileType = text.xcconfig; name = "Pods-Pokedex.release.xcconfig"; path = "Target Support Files/Pods-Pokedex/Pods-Pokedex.release.xcconfig"; sourceTree = "<group>"; };
		FA05A47E4159C57A8B0033F7 /* Pods-PokedexTests.debug.xcconfig */ = {isa = PBXFileReference; includeInIndex = 1; lastKnownFileType = text.xcconfig; name = "Pods-PokedexTests.debug.xcconfig"; path = "Target Support Files/Pods-PokedexTests/Pods-PokedexTests.debug.xcconfig"; sourceTree = "<group>"; };
/* End PBXFileReference section */

/* Begin PBXFrameworksBuildPhase section */
		BBC7AD8B286744AA009A8F17 /* Frameworks */ = {
			isa = PBXFrameworksBuildPhase;
			buildActionMask = 2147483647;
			files = (
				1152C178B52789EE0C193BC7 /* Pods_Pokedex.framework in Frameworks */,
			);
			runOnlyForDeploymentPostprocessing = 0;
		};
		BBC7ADA2286744AC009A8F17 /* Frameworks */ = {
			isa = PBXFrameworksBuildPhase;
			buildActionMask = 2147483647;
			files = (
				71853879E17A24CC80F37F7D /* Pods_PokedexTests.framework in Frameworks */,
			);
			runOnlyForDeploymentPostprocessing = 0;
		};
		BBC7ADAD286744AC009A8F17 /* Frameworks */ = {
			isa = PBXFrameworksBuildPhase;
			buildActionMask = 2147483647;
			files = (
				356B66A0AAE038CADC268BC5 /* Pods_Pokedex_PokedexUITests.framework in Frameworks */,
			);
			runOnlyForDeploymentPostprocessing = 0;
		};
/* End PBXFrameworksBuildPhase section */

/* Begin PBXGroup section */
		0DC89B796BCB36F9B9779886 /* Pods */ = {
			isa = PBXGroup;
			children = (
				401C635DAE69E129FB750255 /* Pods-Pokedex.debug.xcconfig */,
				D3DE36D330CA3E0ADAF9464B /* Pods-Pokedex.release.xcconfig */,
				0B6C132FB5863896DF0A17FA /* Pods-Pokedex-PokedexUITests.debug.xcconfig */,
				8651A4130F773E8ADEFDC699 /* Pods-Pokedex-PokedexUITests.release.xcconfig */,
				FA05A47E4159C57A8B0033F7 /* Pods-PokedexTests.debug.xcconfig */,
				4472ABBC9501FF18EA192B96 /* Pods-PokedexTests.release.xcconfig */,
			);
			path = Pods;
			sourceTree = "<group>";
		};
		BB7BF0E9286748A2002495F1 /* Model */ = {
			isa = PBXGroup;
			children = (
				BB7BF0EA286748CE002495F1 /* PokedexModel.swift */,
				BB7BF0EC286749A4002495F1 /* PokemonModel.swift */,
				BB7BF0EE28674C7C002495F1 /* ServerErrorModel.swift */,
			);
			path = Model;
			sourceTree = "<group>";
		};
		BB7BF0F028674CD6002495F1 /* ViewModel */ = {
			isa = PBXGroup;
			children = (
				BB7BF0F128674D00002495F1 /* ParsePokedex.swift */,
				BB7BF0F328675293002495F1 /* PokedexResponse.swift */,
				BB7BF0F5286753C7002495F1 /* PokedexRequest.swift */,
			);
			path = ViewModel;
			sourceTree = "<group>";
		};
		BB7BF0FB2868641C002495F1 /* View */ = {
			isa = PBXGroup;
			children = (
				BB7BF0F9286861C3002495F1 /* PokemonCollectionViewCell.swift */,
			);
			path = View;
			sourceTree = "<group>";
		};
		BBC7AD85286744AA009A8F17 = {
			isa = PBXGroup;
			children = (
				BBC7AD90286744AA009A8F17 /* Pokedex */,
				BBC7ADA8286744AC009A8F17 /* PokedexTests */,
				BBC7ADB3286744AC009A8F17 /* PokedexUITests */,
				BBC7AD8F286744AA009A8F17 /* Products */,
				0DC89B796BCB36F9B9779886 /* Pods */,
				DE7827B7A1661509E1413464 /* Frameworks */,
			);
			sourceTree = "<group>";
		};
		BBC7AD8F286744AA009A8F17 /* Products */ = {
			isa = PBXGroup;
			children = (
				BBC7AD8E286744AA009A8F17 /* Pokedex.app */,
				BBC7ADA5286744AC009A8F17 /* PokedexTests.xctest */,
				BBC7ADB0286744AC009A8F17 /* PokedexUITests.xctest */,
			);
			name = Products;
			sourceTree = "<group>";
		};
		BBC7AD90286744AA009A8F17 /* Pokedex */ = {
			isa = PBXGroup;
			children = (
				BBC7AD91286744AA009A8F17 /* AppDelegate.swift */,
				BB7BF0E9286748A2002495F1 /* Model */,
				BB7BF0FB2868641C002495F1 /* View */,
				BB7BF0F028674CD6002495F1 /* ViewModel */,
				BB7BF0F728685F02002495F1 /* PokedexViewController.swift */,
				BBC9AC792870C42E00A305DD /* PokemonDetailViewController.swift */,
				BBC7AD95286744AA009A8F17 /* Main.storyboard */,
				BBC7AD9B286744AC009A8F17 /* Assets.xcassets */,
				BBC7AD9D286744AC009A8F17 /* LaunchScreen.storyboard */,
				BBC7ADA0286744AC009A8F17 /* Info.plist */,
				BBC7AD98286744AA009A8F17 /* Pokedex.xcdatamodeld */,
			);
			path = Pokedex;
			sourceTree = "<group>";
		};
		BBC7ADA8286744AC009A8F17 /* PokedexTests */ = {
			isa = PBXGroup;
			children = (
				BBC7ADA9286744AC009A8F17 /* PokedexTests.swift */,
				BBC7ADAB286744AC009A8F17 /* Info.plist */,
			);
			path = PokedexTests;
			sourceTree = "<group>";
		};
		BBC7ADB3286744AC009A8F17 /* PokedexUITests */ = {
			isa = PBXGroup;
			children = (
				BBC7ADB4286744AC009A8F17 /* PokedexUITests.swift */,
				BBC7ADB6286744AC009A8F17 /* Info.plist */,
			);
			path = PokedexUITests;
			sourceTree = "<group>";
		};
		DE7827B7A1661509E1413464 /* Frameworks */ = {
			isa = PBXGroup;
			children = (
				8AA596B0D066CE914B10E6BC /* Pods_Pokedex.framework */,
				6058B96D0D4D9CD7D610599F /* Pods_Pokedex_PokedexUITests.framework */,
				21D435CDE7460A88ED3049D2 /* Pods_PokedexTests.framework */,
			);
			name = Frameworks;
			sourceTree = "<group>";
		};
/* End PBXGroup section */

/* Begin PBXNativeTarget section */
		BBC7AD8D286744AA009A8F17 /* Pokedex */ = {
			isa = PBXNativeTarget;
			buildConfigurationList = BBC7ADB9286744AC009A8F17 /* Build configuration list for PBXNativeTarget "Pokedex" */;
			buildPhases = (
				375497500CFB672FA9EFDF4B /* [CP] Check Pods Manifest.lock */,
				BBC7AD8A286744AA009A8F17 /* Sources */,
				BBC7AD8B286744AA009A8F17 /* Frameworks */,
				BBC7AD8C286744AA009A8F17 /* Resources */,
				6011E64021DE9CE971FB09DC /* [CP] Embed Pods Frameworks */,
			);
			buildRules = (
			);
			dependencies = (
			);
			name = Pokedex;
			productName = Pokedex;
			productReference = BBC7AD8E286744AA009A8F17 /* Pokedex.app */;
			productType = "com.apple.product-type.application";
		};
		BBC7ADA4286744AC009A8F17 /* PokedexTests */ = {
			isa = PBXNativeTarget;
			buildConfigurationList = BBC7ADBC286744AC009A8F17 /* Build configuration list for PBXNativeTarget "PokedexTests" */;
			buildPhases = (
				49E62BCA1C7E0E4AF78FB774 /* [CP] Check Pods Manifest.lock */,
				BBC7ADA1286744AC009A8F17 /* Sources */,
				BBC7ADA2286744AC009A8F17 /* Frameworks */,
				BBC7ADA3286744AC009A8F17 /* Resources */,
			);
			buildRules = (
			);
			dependencies = (
				BBC7ADA7286744AC009A8F17 /* PBXTargetDependency */,
			);
			name = PokedexTests;
			productName = PokedexTests;
			productReference = BBC7ADA5286744AC009A8F17 /* PokedexTests.xctest */;
			productType = "com.apple.product-type.bundle.unit-test";
		};
		BBC7ADAF286744AC009A8F17 /* PokedexUITests */ = {
			isa = PBXNativeTarget;
			buildConfigurationList = BBC7ADBF286744AC009A8F17 /* Build configuration list for PBXNativeTarget "PokedexUITests" */;
			buildPhases = (
				86FFD4740E48A720BBC65B16 /* [CP] Check Pods Manifest.lock */,
				BBC7ADAC286744AC009A8F17 /* Sources */,
				BBC7ADAD286744AC009A8F17 /* Frameworks */,
				BBC7ADAE286744AC009A8F17 /* Resources */,
				429B0BE1DCA0F5B68D6550F8 /* [CP] Embed Pods Frameworks */,
			);
			buildRules = (
			);
			dependencies = (
				BBC7ADB2286744AC009A8F17 /* PBXTargetDependency */,
			);
			name = PokedexUITests;
			productName = PokedexUITests;
			productReference = BBC7ADB0286744AC009A8F17 /* PokedexUITests.xctest */;
			productType = "com.apple.product-type.bundle.ui-testing";
		};
/* End PBXNativeTarget section */

/* Begin PBXProject section */
		BBC7AD86286744AA009A8F17 /* Project object */ = {
			isa = PBXProject;
			attributes = {
				LastSwiftUpdateCheck = 1000;
				LastUpgradeCheck = 1000;
				ORGANIZATIONNAME = "Paola Pagotto";
				TargetAttributes = {
					BBC7AD8D286744AA009A8F17 = {
						CreatedOnToolsVersion = 10.0;
					};
					BBC7ADA4286744AC009A8F17 = {
						CreatedOnToolsVersion = 10.0;
						TestTargetID = BBC7AD8D286744AA009A8F17;
					};
					BBC7ADAF286744AC009A8F17 = {
						CreatedOnToolsVersion = 10.0;
						TestTargetID = BBC7AD8D286744AA009A8F17;
					};
				};
			};
			buildConfigurationList = BBC7AD89286744AA009A8F17 /* Build configuration list for PBXProject "Pokedex" */;
			compatibilityVersion = "Xcode 9.3";
			developmentRegion = en;
			hasScannedForEncodings = 0;
			knownRegions = (
				en,
				Base,
			);
			mainGroup = BBC7AD85286744AA009A8F17;
			productRefGroup = BBC7AD8F286744AA009A8F17 /* Products */;
			projectDirPath = "";
			projectRoot = "";
			targets = (
				BBC7AD8D286744AA009A8F17 /* Pokedex */,
				BBC7ADA4286744AC009A8F17 /* PokedexTests */,
				BBC7ADAF286744AC009A8F17 /* PokedexUITests */,
			);
		};
/* End PBXProject section */

/* Begin PBXResourcesBuildPhase section */
		BBC7AD8C286744AA009A8F17 /* Resources */ = {
			isa = PBXResourcesBuildPhase;
			buildActionMask = 2147483647;
			files = (
				BBC7AD9F286744AC009A8F17 /* LaunchScreen.storyboard in Resources */,
				BBC7AD9C286744AC009A8F17 /* Assets.xcassets in Resources */,
				BBC7AD97286744AA009A8F17 /* Main.storyboard in Resources */,
			);
			runOnlyForDeploymentPostprocessing = 0;
		};
		BBC7ADA3286744AC009A8F17 /* Resources */ = {
			isa = PBXResourcesBuildPhase;
			buildActionMask = 2147483647;
			files = (
			);
			runOnlyForDeploymentPostprocessing = 0;
		};
		BBC7ADAE286744AC009A8F17 /* Resources */ = {
			isa = PBXResourcesBuildPhase;
			buildActionMask = 2147483647;
			files = (
			);
			runOnlyForDeploymentPostprocessing = 0;
		};
/* End PBXResourcesBuildPhase section */

/* Begin PBXShellScriptBuildPhase section */
		375497500CFB672FA9EFDF4B /* [CP] Check Pods Manifest.lock */ = {
			isa = PBXShellScriptBuildPhase;
			buildActionMask = 2147483647;
			files = (
			);
			inputFileListPaths = (
			);
			inputPaths = (
				"${PODS_PODFILE_DIR_PATH}/Podfile.lock",
				"${PODS_ROOT}/Manifest.lock",
			);
			name = "[CP] Check Pods Manifest.lock";
			outputFileListPaths = (
			);
			outputPaths = (
				"$(DERIVED_FILE_DIR)/Pods-Pokedex-checkManifestLockResult.txt",
			);
			runOnlyForDeploymentPostprocessing = 0;
			shellPath = /bin/sh;
			shellScript = "diff \"${PODS_PODFILE_DIR_PATH}/Podfile.lock\" \"${PODS_ROOT}/Manifest.lock\" > /dev/null\nif [ $? != 0 ] ; then\n    # print error to STDERR\n    echo \"error: The sandbox is not in sync with the Podfile.lock. Run 'pod install' or update your CocoaPods installation.\" >&2\n    exit 1\nfi\n# This output is used by Xcode 'outputs' to avoid re-running this script phase.\necho \"SUCCESS\" > \"${SCRIPT_OUTPUT_FILE_0}\"\n";
			showEnvVarsInLog = 0;
		};
		429B0BE1DCA0F5B68D6550F8 /* [CP] Embed Pods Frameworks */ = {
			isa = PBXShellScriptBuildPhase;
			buildActionMask = 2147483647;
			files = (
			);
			inputFileListPaths = (
				"${PODS_ROOT}/Target Support Files/Pods-Pokedex-PokedexUITests/Pods-Pokedex-PokedexUITests-frameworks-${CONFIGURATION}-input-files.xcfilelist",
			);
			name = "[CP] Embed Pods Frameworks";
			outputFileListPaths = (
				"${PODS_ROOT}/Target Support Files/Pods-Pokedex-PokedexUITests/Pods-Pokedex-PokedexUITests-frameworks-${CONFIGURATION}-output-files.xcfilelist",
			);
			runOnlyForDeploymentPostprocessing = 0;
			shellPath = /bin/sh;
			shellScript = "\"${PODS_ROOT}/Target Support Files/Pods-Pokedex-PokedexUITests/Pods-Pokedex-PokedexUITests-frameworks.sh\"\n";
			showEnvVarsInLog = 0;
		};
		49E62BCA1C7E0E4AF78FB774 /* [CP] Check Pods Manifest.lock */ = {
			isa = PBXShellScriptBuildPhase;
			buildActionMask = 2147483647;
			files = (
			);
			inputFileListPaths = (
			);
			inputPaths = (
				"${PODS_PODFILE_DIR_PATH}/Podfile.lock",
				"${PODS_ROOT}/Manifest.lock",
			);
			name = "[CP] Check Pods Manifest.lock";
			outputFileListPaths = (
			);
			outputPaths = (
				"$(DERIVED_FILE_DIR)/Pods-PokedexTests-checkManifestLockResult.txt",
			);
			runOnlyForDeploymentPostprocessing = 0;
			shellPath = /bin/sh;
			shellScript = "diff \"${PODS_PODFILE_DIR_PATH}/Podfile.lock\" \"${PODS_ROOT}/Manifest.lock\" > /dev/null\nif [ $? != 0 ] ; then\n    # print error to STDERR\n    echo \"error: The sandbox is not in sync with the Podfile.lock. Run 'pod install' or update your CocoaPods installation.\" >&2\n    exit 1\nfi\n# This output is used by Xcode 'outputs' to avoid re-running this script phase.\necho \"SUCCESS\" > \"${SCRIPT_OUTPUT_FILE_0}\"\n";
			showEnvVarsInLog = 0;
		};
		6011E64021DE9CE971FB09DC /* [CP] Embed Pods Frameworks */ = {
			isa = PBXShellScriptBuildPhase;
			buildActionMask = 2147483647;
			files = (
			);
			inputFileListPaths = (
				"${PODS_ROOT}/Target Support Files/Pods-Pokedex/Pods-Pokedex-frameworks-${CONFIGURATION}-input-files.xcfilelist",
			);
			name = "[CP] Embed Pods Frameworks";
			outputFileListPaths = (
				"${PODS_ROOT}/Target Support Files/Pods-Pokedex/Pods-Pokedex-frameworks-${CONFIGURATION}-output-files.xcfilelist",
			);
			runOnlyForDeploymentPostprocessing = 0;
			shellPath = /bin/sh;
			shellScript = "\"${PODS_ROOT}/Target Support Files/Pods-Pokedex/Pods-Pokedex-frameworks.sh\"\n";
			showEnvVarsInLog = 0;
		};
		86FFD4740E48A720BBC65B16 /* [CP] Check Pods Manifest.lock */ = {
			isa = PBXShellScriptBuildPhase;
			buildActionMask = 2147483647;
			files = (
			);
			inputFileListPaths = (
			);
			inputPaths = (
				"${PODS_PODFILE_DIR_PATH}/Podfile.lock",
				"${PODS_ROOT}/Manifest.lock",
			);
			name = "[CP] Check Pods Manifest.lock";
			outputFileListPaths = (
			);
			outputPaths = (
				"$(DERIVED_FILE_DIR)/Pods-Pokedex-PokedexUITests-checkManifestLockResult.txt",
			);
			runOnlyForDeploymentPostprocessing = 0;
			shellPath = /bin/sh;
			shellScript = "diff \"${PODS_PODFILE_DIR_PATH}/Podfile.lock\" \"${PODS_ROOT}/Manifest.lock\" > /dev/null\nif [ $? != 0 ] ; then\n    # print error to STDERR\n    echo \"error: The sandbox is not in sync with the Podfile.lock. Run 'pod install' or update your CocoaPods installation.\" >&2\n    exit 1\nfi\n# This output is used by Xcode 'outputs' to avoid re-running this script phase.\necho \"SUCCESS\" > \"${SCRIPT_OUTPUT_FILE_0}\"\n";
			showEnvVarsInLog = 0;
		};
/* End PBXShellScriptBuildPhase section */

/* Begin PBXSourcesBuildPhase section */
		BBC7AD8A286744AA009A8F17 /* Sources */ = {
			isa = PBXSourcesBuildPhase;
			buildActionMask = 2147483647;
			files = (
				BB7BF0EF28674C7C002495F1 /* ServerErrorModel.swift in Sources */,
				BBC7AD9A286744AA009A8F17 /* Pokedex.xcdatamodeld in Sources */,
				BB7BF0F228674D00002495F1 /* ParsePokedex.swift in Sources */,
				BB7BF0F6286753C7002495F1 /* PokedexRequest.swift in Sources */,
				BBC9AC7A2870C42E00A305DD /* PokemonDetailViewController.swift in Sources */,
				BB7BF0EB286748CE002495F1 /* PokedexModel.swift in Sources */,
				BB7BF0ED286749A4002495F1 /* PokemonModel.swift in Sources */,
				BB7BF0F828685F02002495F1 /* PokedexViewController.swift in Sources */,
				BBC7AD92286744AA009A8F17 /* AppDelegate.swift in Sources */,
				BB7BF0FA286861C3002495F1 /* PokemonCollectionViewCell.swift in Sources */,
				BB7BF0F428675293002495F1 /* PokedexResponse.swift in Sources */,
			);
			runOnlyForDeploymentPostprocessing = 0;
		};
		BBC7ADA1286744AC009A8F17 /* Sources */ = {
			isa = PBXSourcesBuildPhase;
			buildActionMask = 2147483647;
			files = (
				BBC7ADAA286744AC009A8F17 /* PokedexTests.swift in Sources */,
			);
			runOnlyForDeploymentPostprocessing = 0;
		};
		BBC7ADAC286744AC009A8F17 /* Sources */ = {
			isa = PBXSourcesBuildPhase;
			buildActionMask = 2147483647;
			files = (
				BBC7ADB5286744AC009A8F17 /* PokedexUITests.swift in Sources */,
			);
			runOnlyForDeploymentPostprocessing = 0;
		};
/* End PBXSourcesBuildPhase section */

/* Begin PBXTargetDependency section */
		BBC7ADA7286744AC009A8F17 /* PBXTargetDependency */ = {
			isa = PBXTargetDependency;
			target = BBC7AD8D286744AA009A8F17 /* Pokedex */;
			targetProxy = BBC7ADA6286744AC009A8F17 /* PBXContainerItemProxy */;
		};
		BBC7ADB2286744AC009A8F17 /* PBXTargetDependency */ = {
			isa = PBXTargetDependency;
			target = BBC7AD8D286744AA009A8F17 /* Pokedex */;
			targetProxy = BBC7ADB1286744AC009A8F17 /* PBXContainerItemProxy */;
		};
/* End PBXTargetDependency section */

/* Begin PBXVariantGroup section */
		BBC7AD95286744AA009A8F17 /* Main.storyboard */ = {
			isa = PBXVariantGroup;
			children = (
				BBC7AD96286744AA009A8F17 /* Base */,
			);
			name = Main.storyboard;
			sourceTree = "<group>";
		};
		BBC7AD9D286744AC009A8F17 /* LaunchScreen.storyboard */ = {
			isa = PBXVariantGroup;
			children = (
				BBC7AD9E286744AC009A8F17 /* Base */,
			);
			name = LaunchScreen.storyboard;
			sourceTree = "<group>";
		};
/* End PBXVariantGroup section */

/* Begin XCBuildConfiguration section */
		BBC7ADB7286744AC009A8F17 /* Debug */ = {
			isa = XCBuildConfiguration;
			buildSettings = {
				ALWAYS_SEARCH_USER_PATHS = NO;
				CLANG_ANALYZER_NONNULL = YES;
				CLANG_ANALYZER_NUMBER_OBJECT_CONVERSION = YES_AGGRESSIVE;
				CLANG_CXX_LANGUAGE_STANDARD = "gnu++14";
				CLANG_CXX_LIBRARY = "libc++";
				CLANG_ENABLE_MODULES = YES;
				CLANG_ENABLE_OBJC_ARC = YES;
				CLANG_ENABLE_OBJC_WEAK = YES;
				CLANG_WARN_BLOCK_CAPTURE_AUTORELEASING = YES;
				CLANG_WARN_BOOL_CONVERSION = YES;
				CLANG_WARN_COMMA = YES;
				CLANG_WARN_CONSTANT_CONVERSION = YES;
				CLANG_WARN_DEPRECATED_OBJC_IMPLEMENTATIONS = YES;
				CLANG_WARN_DIRECT_OBJC_ISA_USAGE = YES_ERROR;
				CLANG_WARN_DOCUMENTATION_COMMENTS = YES;
				CLANG_WARN_EMPTY_BODY = YES;
				CLANG_WARN_ENUM_CONVERSION = YES;
				CLANG_WARN_INFINITE_RECURSION = YES;
				CLANG_WARN_INT_CONVERSION = YES;
				CLANG_WARN_NON_LITERAL_NULL_CONVERSION = YES;
				CLANG_WARN_OBJC_IMPLICIT_RETAIN_SELF = YES;
				CLANG_WARN_OBJC_LITERAL_CONVERSION = YES;
				CLANG_WARN_OBJC_ROOT_CLASS = YES_ERROR;
				CLANG_WARN_RANGE_LOOP_ANALYSIS = YES;
				CLANG_WARN_STRICT_PROTOTYPES = YES;
				CLANG_WARN_SUSPICIOUS_MOVE = YES;
				CLANG_WARN_UNGUARDED_AVAILABILITY = YES_AGGRESSIVE;
				CLANG_WARN_UNREACHABLE_CODE = YES;
				CLANG_WARN__DUPLICATE_METHOD_MATCH = YES;
				CODE_SIGN_IDENTITY = "iPhone Developer";
				COPY_PHASE_STRIP = NO;
				DEBUG_INFORMATION_FORMAT = dwarf;
				ENABLE_STRICT_OBJC_MSGSEND = YES;
				ENABLE_TESTABILITY = YES;
				GCC_C_LANGUAGE_STANDARD = gnu11;
				GCC_DYNAMIC_NO_PIC = NO;
				GCC_NO_COMMON_BLOCKS = YES;
				GCC_OPTIMIZATION_LEVEL = 0;
				GCC_PREPROCESSOR_DEFINITIONS = (
					"DEBUG=1",
					"$(inherited)",
				);
				GCC_WARN_64_TO_32_BIT_CONVERSION = YES;
				GCC_WARN_ABOUT_RETURN_TYPE = YES_ERROR;
				GCC_WARN_UNDECLARED_SELECTOR = YES;
				GCC_WARN_UNINITIALIZED_AUTOS = YES_AGGRESSIVE;
				GCC_WARN_UNUSED_FUNCTION = YES;
				GCC_WARN_UNUSED_VARIABLE = YES;
				IPHONEOS_DEPLOYMENT_TARGET = 10.0;
				MTL_ENABLE_DEBUG_INFO = INCLUDE_SOURCE;
				MTL_FAST_MATH = YES;
				ONLY_ACTIVE_ARCH = YES;
				SDKROOT = iphoneos;
				SWIFT_ACTIVE_COMPILATION_CONDITIONS = DEBUG;
				SWIFT_OPTIMIZATION_LEVEL = "-Onone";
				SWIFT_VERSION = 4.2;
			};
			name = Debug;
		};
		BBC7ADB8286744AC009A8F17 /* Release */ = {
			isa = XCBuildConfiguration;
			buildSettings = {
				ALWAYS_SEARCH_USER_PATHS = NO;
				CLANG_ANALYZER_NONNULL = YES;
				CLANG_ANALYZER_NUMBER_OBJECT_CONVERSION = YES_AGGRESSIVE;
				CLANG_CXX_LANGUAGE_STANDARD = "gnu++14";
				CLANG_CXX_LIBRARY = "libc++";
				CLANG_ENABLE_MODULES = YES;
				CLANG_ENABLE_OBJC_ARC = YES;
				CLANG_ENABLE_OBJC_WEAK = YES;
				CLANG_WARN_BLOCK_CAPTURE_AUTORELEASING = YES;
				CLANG_WARN_BOOL_CONVERSION = YES;
				CLANG_WARN_COMMA = YES;
				CLANG_WARN_CONSTANT_CONVERSION = YES;
				CLANG_WARN_DEPRECATED_OBJC_IMPLEMENTATIONS = YES;
				CLANG_WARN_DIRECT_OBJC_ISA_USAGE = YES_ERROR;
				CLANG_WARN_DOCUMENTATION_COMMENTS = YES;
				CLANG_WARN_EMPTY_BODY = YES;
				CLANG_WARN_ENUM_CONVERSION = YES;
				CLANG_WARN_INFINITE_RECURSION = YES;
				CLANG_WARN_INT_CONVERSION = YES;
				CLANG_WARN_NON_LITERAL_NULL_CONVERSION = YES;
				CLANG_WARN_OBJC_IMPLICIT_RETAIN_SELF = YES;
				CLANG_WARN_OBJC_LITERAL_CONVERSION = YES;
				CLANG_WARN_OBJC_ROOT_CLASS = YES_ERROR;
				CLANG_WARN_RANGE_LOOP_ANALYSIS = YES;
				CLANG_WARN_STRICT_PROTOTYPES = YES;
				CLANG_WARN_SUSPICIOUS_MOVE = YES;
				CLANG_WARN_UNGUARDED_AVAILABILITY = YES_AGGRESSIVE;
				CLANG_WARN_UNREACHABLE_CODE = YES;
				CLANG_WARN__DUPLICATE_METHOD_MATCH = YES;
				CODE_SIGN_IDENTITY = "iPhone Developer";
				COPY_PHASE_STRIP = NO;
				DEBUG_INFORMATION_FORMAT = "dwarf-with-dsym";
				ENABLE_NS_ASSERTIONS = NO;
				ENABLE_STRICT_OBJC_MSGSEND = YES;
				GCC_C_LANGUAGE_STANDARD = gnu11;
				GCC_NO_COMMON_BLOCKS = YES;
				GCC_WARN_64_TO_32_BIT_CONVERSION = YES;
				GCC_WARN_ABOUT_RETURN_TYPE = YES_ERROR;
				GCC_WARN_UNDECLARED_SELECTOR = YES;
				GCC_WARN_UNINITIALIZED_AUTOS = YES_AGGRESSIVE;
				GCC_WARN_UNUSED_FUNCTION = YES;
				GCC_WARN_UNUSED_VARIABLE = YES;
				IPHONEOS_DEPLOYMENT_TARGET = 10.0;
				MTL_ENABLE_DEBUG_INFO = NO;
				MTL_FAST_MATH = YES;
				SDKROOT = iphoneos;
				SWIFT_COMPILATION_MODE = wholemodule;
				SWIFT_OPTIMIZATION_LEVEL = "-O";
				SWIFT_VERSION = 4.2;
				VALIDATE_PRODUCT = YES;
			};
			name = Release;
		};
		BBC7ADBA286744AC009A8F17 /* Debug */ = {
			isa = XCBuildConfiguration;
			baseConfigurationReference = 401C635DAE69E129FB750255 /* Pods-Pokedex.debug.xcconfig */;
			buildSettings = {
				ASSETCATALOG_COMPILER_APPICON_NAME = AppIcon;
				CODE_SIGN_STYLE = Automatic;
				DEVELOPMENT_TEAM = 7YZ5M2YT9Z;
				INFOPLIST_FILE = Pokedex/Info.plist;
				LD_RUNPATH_SEARCH_PATHS = (
					"$(inherited)",
					"@executable_path/Frameworks",
				);
				PRODUCT_BUNDLE_IDENTIFIER = com.pp.Pokedex;
				PRODUCT_NAME = "$(TARGET_NAME)";
				SWIFT_VERSION = 4.2;
				TARGETED_DEVICE_FAMILY = "1,2";
			};
			name = Debug;
		};
		BBC7ADBB286744AC009A8F17 /* Release */ = {
			isa = XCBuildConfiguration;
			baseConfigurationReference = D3DE36D330CA3E0ADAF9464B /* Pods-Pokedex.release.xcconfig */;
			buildSettings = {
				ASSETCATALOG_COMPILER_APPICON_NAME = AppIcon;
				CODE_SIGN_STYLE = Automatic;
				DEVELOPMENT_TEAM = 7YZ5M2YT9Z;
				INFOPLIST_FILE = Pokedex/Info.plist;
				LD_RUNPATH_SEARCH_PATHS = (
					"$(inherited)",
					"@executable_path/Frameworks",
				);
				PRODUCT_BUNDLE_IDENTIFIER = com.pp.Pokedex;
				PRODUCT_NAME = "$(TARGET_NAME)";
				SWIFT_VERSION = 4.2;
				TARGETED_DEVICE_FAMILY = "1,2";
			};
			name = Release;
		};
		BBC7ADBD286744AC009A8F17 /* Debug */ = {
			isa = XCBuildConfiguration;
			baseConfigurationReference = FA05A47E4159C57A8B0033F7 /* Pods-PokedexTests.debug.xcconfig */;
			buildSettings = {
				ALWAYS_EMBED_SWIFT_STANDARD_LIBRARIES = YES;
				BUNDLE_LOADER = "$(TEST_HOST)";
				CODE_SIGN_STYLE = Automatic;
				DEVELOPMENT_TEAM = 7YZ5M2YT9Z;
				INFOPLIST_FILE = PokedexTests/Info.plist;
				LD_RUNPATH_SEARCH_PATHS = (
					"$(inherited)",
					"@executable_path/Frameworks",
					"@loader_path/Frameworks",
				);
				PRODUCT_BUNDLE_IDENTIFIER = com.pp.PokedexTests;
				PRODUCT_NAME = "$(TARGET_NAME)";
				SWIFT_VERSION = 4.2;
				TARGETED_DEVICE_FAMILY = "1,2";
				TEST_HOST = "$(BUILT_PRODUCTS_DIR)/Pokedex.app/Pokedex";
			};
			name = Debug;
		};
		BBC7ADBE286744AC009A8F17 /* Release */ = {
			isa = XCBuildConfiguration;
			baseConfigurationReference = 4472ABBC9501FF18EA192B96 /* Pods-PokedexTests.release.xcconfig */;
			buildSettings = {
				ALWAYS_EMBED_SWIFT_STANDARD_LIBRARIES = YES;
				BUNDLE_LOADER = "$(TEST_HOST)";
				CODE_SIGN_STYLE = Automatic;
				DEVELOPMENT_TEAM = 7YZ5M2YT9Z;
				INFOPLIST_FILE = PokedexTests/Info.plist;
				LD_RUNPATH_SEARCH_PATHS = (
					"$(inherited)",
					"@executable_path/Frameworks",
					"@loader_path/Frameworks",
				);
				PRODUCT_BUNDLE_IDENTIFIER = com.pp.PokedexTests;
				PRODUCT_NAME = "$(TARGET_NAME)";
				SWIFT_VERSION = 4.2;
				TARGETED_DEVICE_FAMILY = "1,2";
				TEST_HOST = "$(BUILT_PRODUCTS_DIR)/Pokedex.app/Pokedex";
			};
			name = Release;
		};
		BBC7ADC0286744AC009A8F17 /* Debug */ = {
			isa = XCBuildConfiguration;
			baseConfigurationReference = 0B6C132FB5863896DF0A17FA /* Pods-Pokedex-PokedexUITests.debug.xcconfig */;
			buildSettings = {
				ALWAYS_EMBED_SWIFT_STANDARD_LIBRARIES = YES;
				CODE_SIGN_STYLE = Automatic;
				DEVELOPMENT_TEAM = 7YZ5M2YT9Z;
				INFOPLIST_FILE = PokedexUITests/Info.plist;
				LD_RUNPATH_SEARCH_PATHS = (
					"$(inherited)",
					"@executable_path/Frameworks",
					"@loader_path/Frameworks",
				);
				PRODUCT_BUNDLE_IDENTIFIER = com.pp.PokedexUITests;
				PRODUCT_NAME = "$(TARGET_NAME)";
				SWIFT_VERSION = 4.2;
				TARGETED_DEVICE_FAMILY = "1,2";
				TEST_TARGET_NAME = Pokedex;
			};
			name = Debug;
		};
		BBC7ADC1286744AC009A8F17 /* Release */ = {
			isa = XCBuildConfiguration;
			baseConfigurationReference = 8651A4130F773E8ADEFDC699 /* Pods-Pokedex-PokedexUITests.release.xcconfig */;
			buildSettings = {
				ALWAYS_EMBED_SWIFT_STANDARD_LIBRARIES = YES;
				CODE_SIGN_STYLE = Automatic;
				DEVELOPMENT_TEAM = 7YZ5M2YT9Z;
				INFOPLIST_FILE = PokedexUITests/Info.plist;
				LD_RUNPATH_SEARCH_PATHS = (
					"$(inherited)",
					"@executable_path/Frameworks",
					"@loader_path/Frameworks",
				);
				PRODUCT_BUNDLE_IDENTIFIER = com.pp.PokedexUITests;
				PRODUCT_NAME = "$(TARGET_NAME)";
				SWIFT_VERSION = 4.2;
				TARGETED_DEVICE_FAMILY = "1,2";
				TEST_TARGET_NAME = Pokedex;
			};
			name = Release;
		};
/* End XCBuildConfiguration section */

/* Begin XCConfigurationList section */
		BBC7AD89286744AA009A8F17 /* Build configuration list for PBXProject "Pokedex" */ = {
			isa = XCConfigurationList;
			buildConfigurations = (
				BBC7ADB7286744AC009A8F17 /* Debug */,
				BBC7ADB8286744AC009A8F17 /* Release */,
			);
			defaultConfigurationIsVisible = 0;
			defaultConfigurationName = Release;
		};
		BBC7ADB9286744AC009A8F17 /* Build configuration list for PBXNativeTarget "Pokedex" */ = {
			isa = XCConfigurationList;
			buildConfigurations = (
				BBC7ADBA286744AC009A8F17 /* Debug */,
				BBC7ADBB286744AC009A8F17 /* Release */,
			);
			defaultConfigurationIsVisible = 0;
			defaultConfigurationName = Release;
		};
		BBC7ADBC286744AC009A8F17 /* Build configuration list for PBXNativeTarget "PokedexTests" */ = {
			isa = XCConfigurationList;
			buildConfigurations = (
				BBC7ADBD286744AC009A8F17 /* Debug */,
				BBC7ADBE286744AC009A8F17 /* Release */,
			);
			defaultConfigurationIsVisible = 0;
			defaultConfigurationName = Release;
		};
		BBC7ADBF286744AC009A8F17 /* Build configuration list for PBXNativeTarget "PokedexUITests" */ = {
			isa = XCConfigurationList;
			buildConfigurations = (
				BBC7ADC0286744AC009A8F17 /* Debug */,
				BBC7ADC1286744AC009A8F17 /* Release */,
			);
			defaultConfigurationIsVisible = 0;
			defaultConfigurationName = Release;
		};
/* End XCConfigurationList section */

/* Begin XCVersionGroup section */
		BBC7AD98286744AA009A8F17 /* Pokedex.xcdatamodeld */ = {
			isa = XCVersionGroup;
			children = (
				BBC7AD99286744AA009A8F17 /* Pokedex.xcdatamodel */,
			);
			currentVersion = BBC7AD99286744AA009A8F17 /* Pokedex.xcdatamodel */;
			path = Pokedex.xcdatamodeld;
			sourceTree = "<group>";
			versionGroupType = wrapper.xcdatamodel;
		};
/* End XCVersionGroup section */
	};
	rootObject = BBC7AD86286744AA009A8F17 /* Project object */;
}
